
Microsoft Visual Studio Solution File, Format Version 12.00
# Visual Studio Version 17
VisualStudioVersion = 17.7.34024.191
MinimumVisualStudioVersion = 10.0.40219.1
Project("{FAE04EC0-301F-11D3-BF4B-00C04F79EFBC}") = "Aula60", "Aula60.csproj", "{F1EB8848-7128-42BD-92F6-3886F05D1C82}"
EndProject
Global
	GlobalSection(SolutionConfigurationPlatforms) = preSolution
		Debug|Any CPU = Debug|Any CPU
		Release|Any CPU = Release|Any CPU
	EndGlobalSection
	GlobalSection(ProjectConfigurationPlatforms) = postSolution
		{F1EB8848-7128-42BD-92F6-3886F05D1C82}.Debug|Any CPU.ActiveCfg = Debug|Any CPU
		{F1EB8848-7128-42BD-92F6-3886F05D1C82}.Debug|Any CPU.Build.0 = Debug|Any CPU
		{F1EB8848-7128-42BD-92F6-3886F05D1C82}.Release|Any CPU.ActiveCfg = Release|Any CPU
		{F1EB8848-7128-42BD-92F6-3886F05D1C82}.Release|Any CPU.Build.0 = Release|Any CPU
	EndGlobalSection
	GlobalSection(SolutionProperties) = preSolution
		HideSolutionNode = FALSE
	EndGlobalSection
	GlobalSection(ExtensibilityGlobals) = postSolution
		SolutionGuid = {47E199F9-D259-427B-B1F5-ED73BF68E797}
	EndGlobalSection
EndGlobal
